
Microsoft Visual Studio Solution File, Format Version 12.00
# Visual Studio Version 16
VisualStudioVersion = 16.0.29403.142
MinimumVisualStudioVersion = 10.0.40219.1
Project("{9A19103F-16F7-4668-BE54-9A1E7A4F7556}") = "TopicSender-00", "galaxy-service-bus\TopicSender-00.csproj", "{03EC6D3C-FB83-4BD6-88C5-B13EE4BFA4FD}"
EndProject
Project("{9A19103F-16F7-4668-BE54-9A1E7A4F7556}") = "SubscriptionReceiver-00", "Receiver-00\SubscriptionReceiver-00.csproj", "{386CB8E7-9157-41D4-8E3C-F05D175106FC}"
EndProject
Project("{9A19103F-16F7-4668-BE54-9A1E7A4F7556}") = "QueueSender", "QueueSender\QueueSender.csproj", "{A43F0B22-8BAF-40BC-8EFD-22E83A669431}"
EndProject
Project("{FAE04EC0-301F-11D3-BF4B-00C04F79EFBC}") = "QueueReceiver", "QueueReceiver\QueueReceiver.csproj", "{ED11DA25-0E07-4AAA-AD14-9BA851E3757C}"
EndProject
Global
	GlobalSection(SolutionConfigurationPlatforms) = preSolution
		Debug|Any CPU = Debug|Any CPU
		Release|Any CPU = Release|Any CPU
	EndGlobalSection
	GlobalSection(ProjectConfigurationPlatforms) = postSolution
		{03EC6D3C-FB83-4BD6-88C5-B13EE4BFA4FD}.Debug|Any CPU.ActiveCfg = Debug|Any CPU
		{03EC6D3C-FB83-4BD6-88C5-B13EE4BFA4FD}.Debug|Any CPU.Build.0 = Debug|Any CPU
		{03EC6D3C-FB83-4BD6-88C5-B13EE4BFA4FD}.Release|Any CPU.ActiveCfg = Release|Any CPU
		{03EC6D3C-FB83-4BD6-88C5-B13EE4BFA4FD}.Release|Any CPU.Build.0 = Release|Any CPU
		{386CB8E7-9157-41D4-8E3C-F05D175106FC}.Debug|Any CPU.ActiveCfg = Debug|Any CPU
		{386CB8E7-9157-41D4-8E3C-F05D175106FC}.Debug|Any CPU.Build.0 = Debug|Any CPU
		{386CB8E7-9157-41D4-8E3C-F05D175106FC}.Release|Any CPU.ActiveCfg = Release|Any CPU
		{386CB8E7-9157-41D4-8E3C-F05D175106FC}.Release|Any CPU.Build.0 = Release|Any CPU
		{A43F0B22-8BAF-40BC-8EFD-22E83A669431}.Debug|Any CPU.ActiveCfg = Debug|Any CPU
		{A43F0B22-8BAF-40BC-8EFD-22E83A669431}.Debug|Any CPU.Build.0 = Debug|Any CPU
		{A43F0B22-8BAF-40BC-8EFD-22E83A669431}.Release|Any CPU.ActiveCfg = Release|Any CPU
		{A43F0B22-8BAF-40BC-8EFD-22E83A669431}.Release|Any CPU.Build.0 = Release|Any CPU
		{ED11DA25-0E07-4AAA-AD14-9BA851E3757C}.Debug|Any CPU.ActiveCfg = Debug|Any CPU
		{ED11DA25-0E07-4AAA-AD14-9BA851E3757C}.Debug|Any CPU.Build.0 = Debug|Any CPU
		{ED11DA25-0E07-4AAA-AD14-9BA851E3757C}.Release|Any CPU.ActiveCfg = Release|Any CPU
		{ED11DA25-0E07-4AAA-AD14-9BA851E3757C}.Release|Any CPU.Build.0 = Release|Any CPU
	EndGlobalSection
	GlobalSection(SolutionProperties) = preSolution
		HideSolutionNode = FALSE
	EndGlobalSection
	GlobalSection(ExtensibilityGlobals) = postSolution
		SolutionGuid = {B6E6FEBE-4586-44D0-9A8E-D691407E9013}
	EndGlobalSection
EndGlobal
