
Microsoft Visual Studio Solution File, Format Version 12.00
# Visual Studio Version 16
VisualStudioVersion = 16.0.29403.142
MinimumVisualStudioVersion = 10.0.40219.1
Project("{9A19103F-16F7-4668-BE54-9A1E7A4F7556}") = "QueueSender", "QueueSender\QueueSender.csproj", "{A43F0B22-8BAF-40BC-8EFD-22E83A669431}"
EndProject
Project("{9A19103F-16F7-4668-BE54-9A1E7A4F7556}") = "QueueReceiver", "QueueReceiver\QueueReceiver.csproj", "{ED11DA25-0E07-4AAA-AD14-9BA851E3757C}"
EndProject
Project("{9A19103F-16F7-4668-BE54-9A1E7A4F7556}") = "TopicSender", "TopicSender\TopicSender.csproj", "{1BEDC0DC-72BE-4B03-8F9F-ED45B300D13B}"
EndProject
Project("{FAE04EC0-301F-11D3-BF4B-00C04F79EFBC}") = "SubscriptionReceiver", "SubscriptionReceiver\SubscriptionReceiver.csproj", "{1BE56C19-AE2B-4DA2-8D64-0F0D98C10202}"
EndProject
Global
	GlobalSection(SolutionConfigurationPlatforms) = preSolution
		Debug|Any CPU = Debug|Any CPU
		Release|Any CPU = Release|Any CPU
	EndGlobalSection
	GlobalSection(ProjectConfigurationPlatforms) = postSolution
		{A43F0B22-8BAF-40BC-8EFD-22E83A669431}.Debug|Any CPU.ActiveCfg = Debug|Any CPU
		{A43F0B22-8BAF-40BC-8EFD-22E83A669431}.Debug|Any CPU.Build.0 = Debug|Any CPU
		{A43F0B22-8BAF-40BC-8EFD-22E83A669431}.Release|Any CPU.ActiveCfg = Release|Any CPU
		{A43F0B22-8BAF-40BC-8EFD-22E83A669431}.Release|Any CPU.Build.0 = Release|Any CPU
		{ED11DA25-0E07-4AAA-AD14-9BA851E3757C}.Debug|Any CPU.ActiveCfg = Debug|Any CPU
		{ED11DA25-0E07-4AAA-AD14-9BA851E3757C}.Debug|Any CPU.Build.0 = Debug|Any CPU
		{ED11DA25-0E07-4AAA-AD14-9BA851E3757C}.Release|Any CPU.ActiveCfg = Release|Any CPU
		{ED11DA25-0E07-4AAA-AD14-9BA851E3757C}.Release|Any CPU.Build.0 = Release|Any CPU
		{1BEDC0DC-72BE-4B03-8F9F-ED45B300D13B}.Debug|Any CPU.ActiveCfg = Debug|Any CPU
		{1BEDC0DC-72BE-4B03-8F9F-ED45B300D13B}.Debug|Any CPU.Build.0 = Debug|Any CPU
		{1BEDC0DC-72BE-4B03-8F9F-ED45B300D13B}.Release|Any CPU.ActiveCfg = Release|Any CPU
		{1BEDC0DC-72BE-4B03-8F9F-ED45B300D13B}.Release|Any CPU.Build.0 = Release|Any CPU
		{1BE56C19-AE2B-4DA2-8D64-0F0D98C10202}.Debug|Any CPU.ActiveCfg = Debug|Any CPU
		{1BE56C19-AE2B-4DA2-8D64-0F0D98C10202}.Debug|Any CPU.Build.0 = Debug|Any CPU
		{1BE56C19-AE2B-4DA2-8D64-0F0D98C10202}.Release|Any CPU.ActiveCfg = Release|Any CPU
		{1BE56C19-AE2B-4DA2-8D64-0F0D98C10202}.Release|Any CPU.Build.0 = Release|Any CPU
	EndGlobalSection
	GlobalSection(SolutionProperties) = preSolution
		HideSolutionNode = FALSE
	EndGlobalSection
	GlobalSection(ExtensibilityGlobals) = postSolution
		SolutionGuid = {B6E6FEBE-4586-44D0-9A8E-D691407E9013}
	EndGlobalSection
EndGlobal
